
Microsoft Visual Studio Solution File, Format Version 12.00
# Visual Studio 15
VisualStudioVersion = 15.0.28307.329
MinimumVisualStudioVersion = 10.0.40219.1
Project("{FAE04EC0-301F-11D3-BF4B-00C04F79EFBC}") = "GulnesApi", "HomePageApi\GulnesApi.csproj", "{A7448DE2-C053-45E8-B8B4-4CCFC4C620C6}"
EndProject
Global
	GlobalSection(SolutionConfigurationPlatforms) = preSolution
		Debug|Any CPU = Debug|Any CPU
		Release|Any CPU = Release|Any CPU
	EndGlobalSection
	GlobalSection(ProjectConfigurationPlatforms) = postSolution
		{A7448DE2-C053-45E8-B8B4-4CCFC4C620C6}.Debug|Any CPU.ActiveCfg = Debug|Any CPU
		{A7448DE2-C053-45E8-B8B4-4CCFC4C620C6}.Debug|Any CPU.Build.0 = Debug|Any CPU
		{A7448DE2-C053-45E8-B8B4-4CCFC4C620C6}.Release|Any CPU.ActiveCfg = Release|Any CPU
		{A7448DE2-C053-45E8-B8B4-4CCFC4C620C6}.Release|Any CPU.Build.0 = Release|Any CPU
	EndGlobalSection
	GlobalSection(SolutionProperties) = preSolution
		HideSolutionNode = FALSE
	EndGlobalSection
	GlobalSection(ExtensibilityGlobals) = postSolution
		SolutionGuid = {55B10EFD-6277-420C-A0F0-621FFE52083B}
	EndGlobalSection
EndGlobal
